
Microsoft Visual Studio Solution File, Format Version 12.00
# Visual Studio 15
VisualStudioVersion = 15.0.28010.2026
MinimumVisualStudioVersion = 10.0.40219.1
Project("{FAE04EC0-301F-11D3-BF4B-00C04F79EFBC}") = "CVImageEditor.WPF", "CVImageEditor.WPF\CVImageEditor.WPF.csproj", "{5B800793-A38B-47D3-9EEA-6F49FE9D3804}"
EndProject
Global
	GlobalSection(SolutionConfigurationPlatforms) = preSolution
		Debug|Any CPU = Debug|Any CPU
		Release|Any CPU = Release|Any CPU
	EndGlobalSection
	GlobalSection(ProjectConfigurationPlatforms) = postSolution
		{5B800793-A38B-47D3-9EEA-6F49FE9D3804}.Debug|Any CPU.ActiveCfg = Debug|Any CPU
		{5B800793-A38B-47D3-9EEA-6F49FE9D3804}.Debug|Any CPU.Build.0 = Debug|Any CPU
		{5B800793-A38B-47D3-9EEA-6F49FE9D3804}.Release|Any CPU.ActiveCfg = Release|Any CPU
		{5B800793-A38B-47D3-9EEA-6F49FE9D3804}.Release|Any CPU.Build.0 = Release|Any CPU
	EndGlobalSection
	GlobalSection(SolutionProperties) = preSolution
		HideSolutionNode = FALSE
	EndGlobalSection
	GlobalSection(ExtensibilityGlobals) = postSolution
		SolutionGuid = {E19993F8-5EF4-4931-9FF7-9FD7337F2B76}
	EndGlobalSection
EndGlobal
